<?xml version="1.0" encoding="utf-8"?>
<Project ToolsVersion="4.0" xmlns="http://schemas.microsoft.com/developer/msbuild/2003">
  <ItemGroup>
    <ClCompile Include="server.cpp" />
    <ClCompile Include="function.cpp">
      <Filter>源文件</Filter>
    </ClCompile>
    <ClCompile Include="user.cpp">
      <Filter>源文件</Filter>
    </ClCompile>
    <ClCompile Include="maps.cpp">
      <Filter>源文件</Filter>
    </ClCompile>
    <ClCompile Include="object.cpp">
      <Filter>源文件</Filter>
    </ClCompile>
    <ClCompile Include="pokemon.cpp">
      <Filter>源文件</Filter>
    </ClCompile>
    <ClCompile Include="socketio.cpp">
      <Filter>源文件</Filter>
    </ClCompile>
  </ItemGroup>
  <ItemGroup>
    <Filter Include="头文件">
      <UniqueIdentifier>{0e407dd0-efb4-41a4-9b2b-623f59ed6015}</UniqueIdentifier>
    </Filter>
    <Filter Include="源文件">
      <UniqueIdentifier>{b77b45dc-aa0d-4b3e-a51c-1d8f5551775e}</UniqueIdentifier>
    </Filter>
  </ItemGroup>
  <ItemGroup>
    <ClInclude Include="function.h">
      <Filter>头文件</Filter>
    </ClInclude>
    <ClInclude Include="user.h">
      <Filter>头文件</Filter>
    </ClInclude>
    <ClInclude Include="maps.h">
      <Filter>头文件</Filter>
    </ClInclude>
    <ClInclude Include="object.h">
      <Filter>头文件</Filter>
    </ClInclude>
    <ClInclude Include="pokemon.h">
      <Filter>头文件</Filter>
    </ClInclude>
    <ClInclude Include="socketio.h">
      <Filter>头文件</Filter>
    </ClInclude>
  </ItemGroup>
</Project>